
Microsoft Visual Studio Solution File, Format Version 12.00
# Visual Studio 15
VisualStudioVersion = 15.0.27130.2010
MinimumVisualStudioVersion = 10.0.40219.1
Project("{FAE04EC0-301F-11D3-BF4B-00C04F79EFBC}") = "HeapHomework", "HeapHomework\HeapHomework.csproj", "{6EB993BD-C483-4CDE-932B-391D552D875A}"
EndProject
Global
	GlobalSection(SolutionConfigurationPlatforms) = preSolution
		Debug|Any CPU = Debug|Any CPU
		Release|Any CPU = Release|Any CPU
	EndGlobalSection
	GlobalSection(ProjectConfigurationPlatforms) = postSolution
		{6EB993BD-C483-4CDE-932B-391D552D875A}.Debug|Any CPU.ActiveCfg = Debug|Any CPU
		{6EB993BD-C483-4CDE-932B-391D552D875A}.Debug|Any CPU.Build.0 = Debug|Any CPU
		{6EB993BD-C483-4CDE-932B-391D552D875A}.Release|Any CPU.ActiveCfg = Release|Any CPU
		{6EB993BD-C483-4CDE-932B-391D552D875A}.Release|Any CPU.Build.0 = Release|Any CPU
	EndGlobalSection
	GlobalSection(SolutionProperties) = preSolution
		HideSolutionNode = FALSE
	EndGlobalSection
	GlobalSection(ExtensibilityGlobals) = postSolution
		SolutionGuid = {2D33F5C3-C38B-42CE-953E-9817DC3B5C55}
	EndGlobalSection
EndGlobal
